// !$*UTF8*$!
{
	archiveVersion = 1;
	classes = {
	};
	objectVersion = 46;
	objects = {

/* Begin PBXBuildFile section */
		8252C0801678802C007EE864 /* UIKit.framework in Frameworks */ = {isa = PBXBuildFile; fileRef = 8252C07F1678802C007EE864 /* UIKit.framework */; };
		8252C0821678802C007EE864 /* Foundation.framework in Frameworks */ = {isa = PBXBuildFile; fileRef = 8252C0811678802C007EE864 /* Foundation.framework */; };
		8252C0841678802C007EE864 /* CoreGraphics.framework in Frameworks */ = {isa = PBXBuildFile; fileRef = 8252C0831678802C007EE864 /* CoreGraphics.framework */; };
		8252C08A1678802C007EE864 /* InfoPlist.strings in Resources */ = {isa = PBXBuildFile; fileRef = 8252C0881678802C007EE864 /* InfoPlist.strings */; };
		8252C08C1678802D007EE864 /* main.m in Sources */ = {isa = PBXBuildFile; fileRef = 8252C08B1678802D007EE864 /* main.m */; };
		8252C0901678802D007EE864 /* AppDelegate.m in Sources */ = {isa = PBXBuildFile; fileRef = 8252C08F1678802D007EE864 /* AppDelegate.m */; };
		8252C0921678802D007EE864 /* Default.png in Resources */ = {isa = PBXBuildFile; fileRef = 8252C0911678802D007EE864 /* Default.png */; };
		8252C0941678802D007EE864 /* Default@2x.png in Resources */ = {isa = PBXBuildFile; fileRef = 8252C0931678802D007EE864 /* Default@2x.png */; };
		8252C0961678802D007EE864 /* Default-568h@2x.png in Resources */ = {isa = PBXBuildFile; fileRef = 8252C0951678802D007EE864 /* Default-568h@2x.png */; };
		8252C0991678802D007EE864 /* ViewController.m in Sources */ = {isa = PBXBuildFile; fileRef = 8252C0981678802D007EE864 /* ViewController.m */; };
		8252C09C1678802D007EE864 /* ViewController_iPhone.xib in Resources */ = {isa = PBXBuildFile; fileRef = 8252C09A1678802D007EE864 /* ViewController_iPhone.xib */; };
		8252C09F1678802D007EE864 /* ViewController_iPad.xib in Resources */ = {isa = PBXBuildFile; fileRef = 8252C09D1678802D007EE864 /* ViewController_iPad.xib */; };
/* End PBXBuildFile section */

/* Begin PBXFileReference section */
		8252C07B1678802C007EE864 /* HelpDesk.app */ = {isa = PBXFileReference; explicitFileType = wrapper.application; includeInIndex = 0; path = HelpDesk.app; sourceTree = BUILT_PRODUCTS_DIR; };
		8252C07F1678802C007EE864 /* UIKit.framework */ = {isa = PBXFileReference; lastKnownFileType = wrapper.framework; name = UIKit.framework; path = System/Library/Frameworks/UIKit.framework; sourceTree = SDKROOT; };
		8252C0811678802C007EE864 /* Foundation.framework */ = {isa = PBXFileReference; lastKnownFileType = wrapper.framework; name = Foundation.framework; path = System/Library/Frameworks/Foundation.framework; sourceTree = SDKROOT; };
		8252C0831678802C007EE864 /* CoreGraphics.framework */ = {isa = PBXFileReference; lastKnownFileType = wrapper.framework; name = CoreGraphics.framework; path = System/Library/Frameworks/CoreGraphics.framework; sourceTree = SDKROOT; };
		8252C0871678802C007EE864 /* HelpDesk-Info.plist */ = {isa = PBXFileReference; lastKnownFileType = text.plist.xml; path = "HelpDesk-Info.plist"; sourceTree = "<group>"; };
		8252C0891678802C007EE864 /* en */ = {isa = PBXFileReference; lastKnownFileType = text.plist.strings; name = en; path = en.lproj/InfoPlist.strings; sourceTree = "<group>"; };
		8252C08B1678802D007EE864 /* main.m */ = {isa = PBXFileReference; lastKnownFileType = sourcecode.c.objc; path = main.m; sourceTree = "<group>"; };
		8252C08D1678802D007EE864 /* HelpDesk-Prefix.pch */ = {isa = PBXFileReference; lastKnownFileType = sourcecode.c.h; path = "HelpDesk-Prefix.pch"; sourceTree = "<group>"; };
		8252C08E1678802D007EE864 /* AppDelegate.h */ = {isa = PBXFileReference; lastKnownFileType = sourcecode.c.h; path = AppDelegate.h; sourceTree = "<group>"; };
		8252C08F1678802D007EE864 /* AppDelegate.m */ = {isa = PBXFileReference; lastKnownFileType = sourcecode.c.objc; path = AppDelegate.m; sourceTree = "<group>"; };
		8252C0911678802D007EE864 /* Default.png */ = {isa = PBXFileReference; lastKnownFileType = image.png; path = Default.png; sourceTree = "<group>"; };
		8252C0931678802D007EE864 /* Default@2x.png */ = {isa = PBXFileReference; lastKnownFileType = image.png; path = "Default@2x.png"; sourceTree = "<group>"; };
		8252C0951678802D007EE864 /* Default-568h@2x.png */ = {isa = PBXFileReference; lastKnownFileType = image.png; path = "Default-568h@2x.png"; sourceTree = "<group>"; };
		8252C0971678802D007EE864 /* ViewController.h */ = {isa = PBXFileReference; lastKnownFileType = sourcecode.c.h; path = ViewController.h; sourceTree = "<group>"; };
		8252C0981678802D007EE864 /* ViewController.m */ = {isa = PBXFileReference; lastKnownFileType = sourcecode.c.objc; path = ViewController.m; sourceTree = "<group>"; };
		8252C09B1678802D007EE864 /* en */ = {isa = PBXFileReference; lastKnownFileType = file.xib; name = en; path = en.lproj/ViewController_iPhone.xib; sourceTree = "<group>"; };
		8252C09E1678802D007EE864 /* en */ = {isa = PBXFileReference; lastKnownFileType = file.xib; name = en; path = en.lproj/ViewController_iPad.xib; sourceTree = "<group>"; };
/* End PBXFileReference section */

/* Begin PBXFrameworksBuildPhase section */
		8252C0781678802C007EE864 /* Frameworks */ = {
			isa = PBXFrameworksBuildPhase;
			buildActionMask = 2147483647;
			files = (
				8252C0801678802C007EE864 /* UIKit.framework in Frameworks */,
				8252C0821678802C007EE864 /* Foundation.framework in Frameworks */,
				8252C0841678802C007EE864 /* CoreGraphics.framework in Frameworks */,
			);
			runOnlyForDeploymentPostprocessing = 0;
		};
/* End PBXFrameworksBuildPhase section */

/* Begin PBXGroup section */
		8252C0701678802C007EE864 = {
			isa = PBXGroup;
			children = (
				8252C0851678802C007EE864 /* HelpDesk */,
				8252C07E1678802C007EE864 /* Frameworks */,
				8252C07C1678802C007EE864 /* Products */,
			);
			sourceTree = "<group>";
		};
		8252C07C1678802C007EE864 /* Products */ = {
			isa = PBXGroup;
			children = (
				8252C07B1678802C007EE864 /* HelpDesk.app */,
			);
			name = Products;
			sourceTree = "<group>";
		};
		8252C07E1678802C007EE864 /* Frameworks */ = {
			isa = PBXGroup;
			children = (
				8252C07F1678802C007EE864 /* UIKit.framework */,
				8252C0811678802C007EE864 /* Foundation.framework */,
				8252C0831678802C007EE864 /* CoreGraphics.framework */,
			);
			name = Frameworks;
			sourceTree = "<group>";
		};
		8252C0851678802C007EE864 /* HelpDesk */ = {
			isa = PBXGroup;
			children = (
				8252C08E1678802D007EE864 /* AppDelegate.h */,
				8252C08F1678802D007EE864 /* AppDelegate.m */,
				8252C0971678802D007EE864 /* ViewController.h */,
				8252C0981678802D007EE864 /* ViewController.m */,
				8252C09A1678802D007EE864 /* ViewController_iPhone.xib */,
				8252C09D1678802D007EE864 /* ViewController_iPad.xib */,
				8252C0861678802C007EE864 /* Supporting Files */,
			);
			path = HelpDesk;
			sourceTree = "<group>";
		};
		8252C0861678802C007EE864 /* Supporting Files */ = {
			isa = PBXGroup;
			children = (
				8252C0871678802C007EE864 /* HelpDesk-Info.plist */,
				8252C0881678802C007EE864 /* InfoPlist.strings */,
				8252C08B1678802D007EE864 /* main.m */,
				8252C08D1678802D007EE864 /* HelpDesk-Prefix.pch */,
				8252C0911678802D007EE864 /* Default.png */,
				8252C0931678802D007EE864 /* Default@2x.png */,
				8252C0951678802D007EE864 /* Default-568h@2x.png */,
			);
			name = "Supporting Files";
			sourceTree = "<group>";
		};
/* End PBXGroup section */

/* Begin PBXNativeTarget section */
		8252C07A1678802C007EE864 /* HelpDesk */ = {
			isa = PBXNativeTarget;
			buildConfigurationList = 8252C0A21678802D007EE864 /* Build configuration list for PBXNativeTarget "HelpDesk" */;
			buildPhases = (
				8252C0771678802C007EE864 /* Sources */,
				8252C0781678802C007EE864 /* Frameworks */,
				8252C0791678802C007EE864 /* Resources */,
			);
			buildRules = (
			);
			dependencies = (
			);
			name = HelpDesk;
			productName = HelpDesk;
			productReference = 8252C07B1678802C007EE864 /* HelpDesk.app */;
			productType = "com.apple.product-type.application";
		};
/* End PBXNativeTarget section */

/* Begin PBXProject section */
		8252C0721678802C007EE864 /* Project object */ = {
			isa = PBXProject;
			attributes = {
				LastUpgradeCheck = 0450;
				ORGANIZATIONNAME = "Sandeep Arneja";
			};
			buildConfigurationList = 8252C0751678802C007EE864 /* Build configuration list for PBXProject "HelpDesk" */;
			compatibilityVersion = "Xcode 3.2";
			developmentRegion = English;
			hasScannedForEncodings = 0;
			knownRegions = (
				en,
			);
			mainGroup = 8252C0701678802C007EE864;
			productRefGroup = 8252C07C1678802C007EE864 /* Products */;
			projectDirPath = "";
			projectRoot = "";
			targets = (
				8252C07A1678802C007EE864 /* HelpDesk */,
			);
		};
/* End PBXProject section */

/* Begin PBXResourcesBuildPhase section */
		8252C0791678802C007EE864 /* Resources */ = {
			isa = PBXResourcesBuildPhase;
			buildActionMask = 2147483647;
			files = (
				8252C08A1678802C007EE864 /* InfoPlist.strings in Resources */,
				8252C0921678802D007EE864 /* Default.png in Resources */,
				8252C0941678802D007EE864 /* Default@2x.png in Resources */,
				8252C0961678802D007EE864 /* Default-568h@2x.png in Resources */,
				8252C09C1678802D007EE864 /* ViewController_iPhone.xib in Resources */,
				8252C09F1678802D007EE864 /* ViewController_iPad.xib in Resources */,
			);
			runOnlyForDeploymentPostprocessing = 0;
		};
/* End PBXResourcesBuildPhase section */

/* Begin PBXSourcesBuildPhase section */
		8252C0771678802C007EE864 /* Sources */ = {
			isa = PBXSourcesBuildPhase;
			buildActionMask = 2147483647;
			files = (
				8252C08C1678802D007EE864 /* main.m in Sources */,
				8252C0901678802D007EE864 /* AppDelegate.m in Sources */,
				8252C0991678802D007EE864 /* ViewController.m in Sources */,
			);
			runOnlyForDeploymentPostprocessing = 0;
		};
/* End PBXSourcesBuildPhase section */

/* Begin PBXVariantGroup section */
		8252C0881678802C007EE864 /* InfoPlist.strings */ = {
			isa = PBXVariantGroup;
			children = (
				8252C0891678802C007EE864 /* en */,
			);
			name = InfoPlist.strings;
			sourceTree = "<group>";
		};
		8252C09A1678802D007EE864 /* ViewController_iPhone.xib */ = {
			isa = PBXVariantGroup;
			children = (
				8252C09B1678802D007EE864 /* en */,
			);
			name = ViewController_iPhone.xib;
			sourceTree = "<group>";
		};
		8252C09D1678802D007EE864 /* ViewController_iPad.xib */ = {
			isa = PBXVariantGroup;
			children = (
				8252C09E1678802D007EE864 /* en */,
			);
			name = ViewController_iPad.xib;
			sourceTree = "<group>";
		};
/* End PBXVariantGroup section */

/* Begin XCBuildConfiguration section */
		8252C0A01678802D007EE864 /* Debug */ = {
			isa = XCBuildConfiguration;
			buildSettings = {
				ALWAYS_SEARCH_USER_PATHS = NO;
				CLANG_CXX_LANGUAGE_STANDARD = "gnu++0x";
				CLANG_CXX_LIBRARY = "libc++";
				CLANG_WARN_EMPTY_BODY = YES;
				CLANG_WARN__DUPLICATE_METHOD_MATCH = YES;
				"CODE_SIGN_IDENTITY[sdk=iphoneos*]" = "iPhone Developer";
				COPY_PHASE_STRIP = NO;
				GCC_C_LANGUAGE_STANDARD = gnu99;
				GCC_DYNAMIC_NO_PIC = NO;
				GCC_OPTIMIZATION_LEVEL = 0;
				GCC_PREPROCESSOR_DEFINITIONS = (
					"DEBUG=1",
					"$(inherited)",
				);
				GCC_SYMBOLS_PRIVATE_EXTERN = NO;
				GCC_WARN_ABOUT_RETURN_TYPE = YES;
				GCC_WARN_UNINITIALIZED_AUTOS = YES;
				GCC_WARN_UNUSED_VARIABLE = YES;
				IPHONEOS_DEPLOYMENT_TARGET = 6.0;
				SDKROOT = iphoneos;
				TARGETED_DEVICE_FAMILY = "1,2";
			};
			name = Debug;
		};
		8252C0A11678802D007EE864 /* Release */ = {
			isa = XCBuildConfiguration;
			buildSettings = {
				ALWAYS_SEARCH_USER_PATHS = NO;
				CLANG_CXX_LANGUAGE_STANDARD = "gnu++0x";
				CLANG_CXX_LIBRARY = "libc++";
				CLANG_WARN_EMPTY_BODY = YES;
				CLANG_WARN__DUPLICATE_METHOD_MATCH = YES;
				"CODE_SIGN_IDENTITY[sdk=iphoneos*]" = "iPhone Developer";
				COPY_PHASE_STRIP = YES;
				GCC_C_LANGUAGE_STANDARD = gnu99;
				GCC_WARN_ABOUT_RETURN_TYPE = YES;
				GCC_WARN_UNINITIALIZED_AUTOS = YES;
				GCC_WARN_UNUSED_VARIABLE = YES;
				IPHONEOS_DEPLOYMENT_TARGET = 6.0;
				OTHER_CFLAGS = "-DNS_BLOCK_ASSERTIONS=1";
				SDKROOT = iphoneos;
				TARGETED_DEVICE_FAMILY = "1,2";
				VALIDATE_PRODUCT = YES;
			};
			name = Release;
		};
		8252C0A31678802D007EE864 /* Debug */ = {
			isa = XCBuildConfiguration;
			buildSettings = {
				GCC_PRECOMPILE_PREFIX_HEADER = YES;
				GCC_PREFIX_HEADER = "HelpDesk/HelpDesk-Prefix.pch";
				INFOPLIST_FILE = "HelpDesk/HelpDesk-Info.plist";
				PRODUCT_NAME = "$(TARGET_NAME)";
				WRAPPER_EXTENSION = app;
			};
			name = Debug;
		};
		8252C0A41678802D007EE864 /* Release */ = {
			isa = XCBuildConfiguration;
			buildSettings = {
				GCC_PRECOMPILE_PREFIX_HEADER = YES;
				GCC_PREFIX_HEADER = "HelpDesk/HelpDesk-Prefix.pch";
				INFOPLIST_FILE = "HelpDesk/HelpDesk-Info.plist";
				PRODUCT_NAME = "$(TARGET_NAME)";
				WRAPPER_EXTENSION = app;
			};
			name = Release;
		};
/* End XCBuildConfiguration section */

/* Begin XCConfigurationList section */
		8252C0751678802C007EE864 /* Build configuration list for PBXProject "HelpDesk" */ = {
			isa = XCConfigurationList;
			buildConfigurations = (
				8252C0A01678802D007EE864 /* Debug */,
				8252C0A11678802D007EE864 /* Release */,
			);
			defaultConfigurationIsVisible = 0;
			defaultConfigurationName = Release;
		};
		8252C0A21678802D007EE864 /* Build configuration list for PBXNativeTarget "HelpDesk" */ = {
			isa = XCConfigurationList;
			buildConfigurations = (
				8252C0A31678802D007EE864 /* Debug */,
				8252C0A41678802D007EE864 /* Release */,
			);
			defaultConfigurationIsVisible = 0;
		};
/* End XCConfigurationList section */
	};
	rootObject = 8252C0721678802C007EE864 /* Project object */;
}
